{
    "_readme": [
        "This file locks the dependencies of your project to a known state",
        "Read more about it at http://getcomposer.org/doc/01-basic-usage.md#composer-lock-the-lock-file"
    ],
    "hash": "4e8acf15cf0be9b7f51a7659cda2b1bb",
    "packages": [
        {
            "name": "composer/installers",
            "version": "v1.0.13",
            "source": {
                "type": "git",
                "url": "https://github.com/composer/installers.git",
                "reference": "26d37e307f9aa6e2e81806a6525666f8ab5ba0ff"
            },
            "dist": {
                "type": "zip",
                "url": "https://api.github.com/repos/composer/installers/zipball/26d37e307f9aa6e2e81806a6525666f8ab5ba0ff",
                "reference": "26d37e307f9aa6e2e81806a6525666f8ab5ba0ff",
                "shasum": ""
            },
            "replace": {
                "shama/baton": "*"
            },
            "require-dev": {
                "composer/composer": "1.0.*@dev",
                "phpunit/phpunit": "3.7.*"
            },
            "type": "composer-installer",
            "extra": {
                "class": "Composer\\Installers\\Installer",
                "branch-alias": {
                    "dev-master": "1.0-dev"
                }
            },
            "autoload": {
                "psr-0": {
                    "Composer\\Installers\\": "src/"
                }
            },
            "notification-url": "https://packagist.org/downloads/",
            "license": [
                "MIT"
            ],
            "authors": [
                {
                    "name": "Kyle Robinson Young",
                    "email": "kyle@dontkry.com",
                    "homepage": "https://github.com/shama",
                    "role": "Developer"
                }
            ],
            "description": "A multi-framework Composer library installer",
            "homepage": "http://composer.github.com/installers/",
            "keywords": [
                "Craft",
                "Hurad",
                "MODX Evo",
                "OXID",
                "WolfCMS",
                "agl",
                "annotatecms",
                "cakephp",
                "codeigniter",
                "concrete5",
                "croogo",
                "drupal",
                "elgg",
                "fuelphp",
                "installer",
                "joomla",
                "kohana",
                "laravel",
                "lithium",
                "magento",
                "mako",
                "mediawiki",
                "modulework",
                "phpbb",
                "piwik",
                "ppi",
                "shopware",
                "silverstripe",
                "symfony",
                "typo3",
                "wordpress",
                "zend",
                "zikula"
            ],
            "time": "2014-04-09 16:12:43"
        },
        {
            "name": "j20/php-uuid",
            "version": "dev-master",
            "source": {
                "type": "git",
                "url": "https://github.com/j20/php-uuid.git",
                "reference": "c686320f8c6104a5ded60b622a89bfd4eb9f4021"
            },
            "dist": {
                "type": "zip",
                "url": "https://api.github.com/repos/j20/php-uuid/zipball/c686320f8c6104a5ded60b622a89bfd4eb9f4021",
                "reference": "c686320f8c6104a5ded60b622a89bfd4eb9f4021",
                "shasum": ""
            },
            "require": {
                "php": ">=5.3.0"
            },
            "type": "library",
            "autoload": {
                "psr-0": {
                    "J20\\Uuid": "src/"
                }
            },
            "notification-url": "https://packagist.org/downloads/",
            "license": [
                "MIT"
            ],
            "description": "Generate a UUID v4 with PHP.",
            "keywords": [
                "guid",
                "token",
                "uuid"
            ],
            "time": "2013-04-03 18:44:02"
        },
        {
            "name": "kzykhys/ciconia",
            "version": "dev-master",
            "source": {
                "type": "git",
                "url": "https://github.com/kzykhys/Ciconia.git",
                "reference": "94e9c7564d0fe00eafa6800176ff42147958f855"
            },
            "dist": {
                "type": "zip",
                "url": "https://api.github.com/repos/kzykhys/Ciconia/zipball/94e9c7564d0fe00eafa6800176ff42147958f855",
                "reference": "94e9c7564d0fe00eafa6800176ff42147958f855",
                "shasum": ""
            },
            "require": {
                "php": ">5.4.0",
                "symfony/console": ">=2.3,<2.5-dev",
                "symfony/options-resolver": ">=2.3,<2.5-dev"
            },
            "require-dev": {
                "kzykhys/pygments": ">=1.0",
                "symfony/finder": ">=2.3,<2.5-dev",
                "symfony/stopwatch": ">=2.3,<2.5-dev"
            },
            "suggest": {
                "kzykhys/pygments": ">=1.0"
            },
            "bin": [
                "bin/ciconia"
            ],
            "type": "library",
            "extra": {
                "branch-alias": {
                    "dev-master": "1.1.x-dev"
                }
            },
            "autoload": {
                "psr-0": {
                    "": "src/"
                }
            },
            "notification-url": "https://packagist.org/downloads/",
            "license": [
                "MIT"
            ],
            "authors": [
                {
                    "name": "Kazuyuki Hayashi",
                    "email": "hayashi@valnur.net"
                }
            ],
            "description": "The Markdown parser for PHP5.4",
            "keywords": [
                "cli",
                "markdown",
                "parser"
            ],
            "time": "2014-02-15 06:00:18"
        },
        {
            "name": "lexpress/doctrine1",
            "version": "dev-master",
            "source": {
                "type": "git",
                "url": "https://github.com/LExpress/doctrine1.git",
                "reference": "b7682da098acacdd8063d59740697962eea8bfb6"
            },
            "dist": {
                "type": "zip",
                "url": "https://api.github.com/repos/LExpress/doctrine1/zipball/b7682da098acacdd8063d59740697962eea8bfb6",
                "reference": "b7682da098acacdd8063d59740697962eea8bfb6",
                "shasum": ""
            },
            "require": {
                "ext-pdo": "*",
                "php": ">=5.2.3"
            },
            "type": "library",
            "autoload": {
                "psr-0": {
                    "Doctrine_": "lib/"
                }
            },
            "notification-url": "https://packagist.org/downloads/",
            "license": [
                "LGPL"
            ],
            "authors": [
                {
                    "name": "Jonathan Wage",
                    "email": "jonwage@gmail.com",
                    "homepage": "http://www.jwage.com/",
                    "role": "Creator"
                },
                {
                    "name": "Konsta Vesterinen",
                    "email": "kvesteri@cc.hut.fi"
                }
            ],
            "description": "PHP5 Database ORM",
            "homepage": "http://www.doctrine-project.org",
            "keywords": [
                "database",
                "orm"
            ],
            "time": "2014-02-05 09:53:08"
        },
        {
            "name": "lexpress/sf-doctrine-guard-plugin",
            "version": "dev-master",
            "source": {
                "type": "git",
                "url": "https://github.com/gilort/sfDoctrineGuardPlugin.git",
                "reference": "dd905232e2fe05e77f6559ff220f9be1c2f2bf60"
            },
            "dist": {
                "type": "zip",
                "url": "https://api.github.com/repos/gilort/sfDoctrineGuardPlugin/zipball/dd905232e2fe05e77f6559ff220f9be1c2f2bf60",
                "reference": "dd905232e2fe05e77f6559ff220f9be1c2f2bf60",
                "shasum": ""
            },
            "require": {
                "composer/installers": "*"
            },
            "type": "symfony1-plugin",
            "notification-url": "https://packagist.org/downloads/",
            "license": [
                "MIT"
            ],
            "authors": [
                {
                    "name": "Jonathan H. Wage",
                    "email": "jonwage@gmail.com",
                    "homepage": "http://www.jwage.com/",
                    "role": "Creator"
                }
            ],
            "description": "Identity management plugin for symfony",
            "time": "2012-11-09 23:52:06"
        },
        {
            "name": "lexpress/symfony1",
            "version": "dev-master",
            "source": {
                "type": "git",
                "url": "https://github.com/LExpress/symfony1.git",
                "reference": "d66b2534fdb7b44b3cb35d2da85ee0fc886bd446"
            },
            "dist": {
                "type": "zip",
                "url": "https://api.github.com/repos/LExpress/symfony1/zipball/d66b2534fdb7b44b3cb35d2da85ee0fc886bd446",
                "reference": "d66b2534fdb7b44b3cb35d2da85ee0fc886bd446",
                "shasum": ""
            },
            "require": {
                "swiftmailer/swiftmailer": ">=4.2.2,<5.1.0-dev"
            },
            "suggest": {
                "lexpress/doctrine1": "Doctrine plugin",
                "propel/sf-propel-o-r-m-plugin": "Propel plugin"
            },
            "bin": [
                "data/bin/symfony"
            ],
            "type": "library",
            "extra": {
                "branch-alias": {
                    "dev-master": "1.5-dev"
                }
            },
            "autoload": {
                "files": [
                    "autoload.php"
                ]
            },
            "notification-url": "https://packagist.org/downloads/",
            "license": [
                "MIT"
            ],
            "description": "Fork of symfony 1.4 with dic, form enhancements, latest swiftmailer and better performance",
            "time": "2014-04-30 16:36:49"
        },
        {
            "name": "swiftmailer/swiftmailer",
            "version": "v5.0.3",
            "source": {
                "type": "git",
                "url": "https://github.com/swiftmailer/swiftmailer.git",
                "reference": "32edc3b0de0fdc1b10f5c4912e8677b3f411a230"
            },
            "dist": {
                "type": "zip",
                "url": "https://api.github.com/repos/swiftmailer/swiftmailer/zipball/32edc3b0de0fdc1b10f5c4912e8677b3f411a230",
                "reference": "32edc3b0de0fdc1b10f5c4912e8677b3f411a230",
                "shasum": ""
            },
            "require": {
                "php": ">=5.2.4"
            },
            "type": "library",
            "extra": {
                "branch-alias": {
                    "dev-master": "5.1-dev"
                }
            },
            "autoload": {
                "files": [
                    "lib/swift_required.php"
                ]
            },
            "notification-url": "https://packagist.org/downloads/",
            "license": [
                "MIT"
            ],
            "authors": [
                {
                    "name": "Fabien Potencier",
                    "email": "fabien@symfony.com",
                    "homepage": "http://fabien.potencier.org",
                    "role": "Lead Developer"
                },
                {
                    "name": "Chris Corbyn"
                }
            ],
            "description": "Swiftmailer, free feature-rich PHP mailer",
            "homepage": "http://swiftmailer.org",
            "keywords": [
                "mail",
                "mailer"
            ],
            "time": "2013-12-03 13:33:24"
        },
        {
            "name": "symfony/console",
            "version": "v2.4.4",
            "target-dir": "Symfony/Component/Console",
            "source": {
                "type": "git",
                "url": "https://github.com/symfony/Console.git",
                "reference": "2e452005b1e1d003d23702d227e23614679eb5ca"
            },
            "dist": {
                "type": "zip",
                "url": "https://api.github.com/repos/symfony/Console/zipball/2e452005b1e1d003d23702d227e23614679eb5ca",
                "reference": "2e452005b1e1d003d23702d227e23614679eb5ca",
                "shasum": ""
            },
            "require": {
                "php": ">=5.3.3"
            },
            "require-dev": {
                "symfony/event-dispatcher": "~2.1"
            },
            "suggest": {
                "symfony/event-dispatcher": ""
            },
            "type": "library",
            "extra": {
                "branch-alias": {
                    "dev-master": "2.4-dev"
                }
            },
            "autoload": {
                "psr-0": {
                    "Symfony\\Component\\Console\\": ""
                }
            },
            "notification-url": "https://packagist.org/downloads/",
            "license": [
                "MIT"
            ],
            "authors": [
                {
                    "name": "Fabien Potencier",
                    "email": "fabien@symfony.com",
                    "homepage": "http://fabien.potencier.org",
                    "role": "Lead Developer"
                },
                {
                    "name": "Symfony Community",
                    "homepage": "http://symfony.com/contributors"
                }
            ],
            "description": "Symfony Console Component",
            "homepage": "http://symfony.com",
            "time": "2014-04-27 13:34:57"
        },
        {
            "name": "symfony/options-resolver",
            "version": "v2.4.4",
            "target-dir": "Symfony/Component/OptionsResolver",
            "source": {
                "type": "git",
                "url": "https://github.com/symfony/OptionsResolver.git",
                "reference": "de261aa6d0e5d21583f5ae7e68f3d95f90bbd771"
            },
            "dist": {
                "type": "zip",
                "url": "https://api.github.com/repos/symfony/OptionsResolver/zipball/de261aa6d0e5d21583f5ae7e68f3d95f90bbd771",
                "reference": "de261aa6d0e5d21583f5ae7e68f3d95f90bbd771",
                "shasum": ""
            },
            "require": {
                "php": ">=5.3.3"
            },
            "type": "library",
            "extra": {
                "branch-alias": {
                    "dev-master": "2.4-dev"
                }
            },
            "autoload": {
                "psr-0": {
                    "Symfony\\Component\\OptionsResolver\\": ""
                }
            },
            "notification-url": "https://packagist.org/downloads/",
            "license": [
                "MIT"
            ],
            "authors": [
                {
                    "name": "Fabien Potencier",
                    "email": "fabien@symfony.com",
                    "homepage": "http://fabien.potencier.org",
                    "role": "Lead Developer"
                },
                {
                    "name": "Symfony Community",
                    "homepage": "http://symfony.com/contributors"
                }
            ],
            "description": "Symfony OptionsResolver Component",
            "homepage": "http://symfony.com",
            "keywords": [
                "config",
                "configuration",
                "options"
            ],
            "time": "2014-04-16 10:34:31"
        }
    ],
    "packages-dev": [],
    "aliases": [],
    "minimum-stability": "stable",
    "stability-flags": {
        "j20/php-uuid": 20,
        "lexpress/doctrine1": 20,
        "lexpress/symfony1": 20,
        "lexpress/sf-doctrine-guard-plugin": 20,
        "kzykhys/ciconia": 20
    },
    "platform": [],
    "platform-dev": []
}
